
Microsoft Visual Studio Solution File, Format Version 12.00
# Visual Studio Version 16
VisualStudioVersion = 16.0.31313.79
MinimumVisualStudioVersion = 10.0.40219.1
Project("{9A19103F-16F7-4668-BE54-9A1E7A4F7556}") = "AlcaldiaAraucaPortalWeb", "AlcaldiaAraucaPortalWeb\AlcaldiaAraucaPortalWeb.csproj", "{75DA880F-AA3F-4030-9DD9-0E1C67666991}"
EndProject
Global
	GlobalSection(SolutionConfigurationPlatforms) = preSolution
		Debug|Any CPU = Debug|Any CPU
		Release|Any CPU = Release|Any CPU
	EndGlobalSection
	GlobalSection(ProjectConfigurationPlatforms) = postSolution
		{75DA880F-AA3F-4030-9DD9-0E1C67666991}.Debug|Any CPU.ActiveCfg = Debug|Any CPU
		{75DA880F-AA3F-4030-9DD9-0E1C67666991}.Debug|Any CPU.Build.0 = Debug|Any CPU
		{75DA880F-AA3F-4030-9DD9-0E1C67666991}.Release|Any CPU.ActiveCfg = Release|Any CPU
		{75DA880F-AA3F-4030-9DD9-0E1C67666991}.Release|Any CPU.Build.0 = Release|Any CPU
	EndGlobalSection
	GlobalSection(SolutionProperties) = preSolution
		HideSolutionNode = FALSE
	EndGlobalSection
	GlobalSection(ExtensibilityGlobals) = postSolution
		SolutionGuid = {C25CF587-AD6A-4189-B2EB-2FDD635DCCA8}
	EndGlobalSection
EndGlobal
